
Microsoft Visual Studio Solution File, Format Version 12.00
# Visual Studio 15
VisualStudioVersion = 15.0.26228.4
MinimumVisualStudioVersion = 10.0.40219.1
Project("{2150E333-8FDC-42A3-9474-1A3956D46DE8}") = "Week 1 - algoritme analyse", "Week 1 - algoritme analyse", "{015F46A5-BF7D-4E3D-973C-C652892E5C0D}"
	ProjectSection(SolutionItems) = preProject
		Week 1\Opgaven.txt = Week 1\Opgaven.txt
	EndProjectSection
EndProject
Project("{FAE04EC0-301F-11D3-BF4B-00C04F79EFBC}") = "Opgave 1 - Zeef van Eratosthenes", "Week 1\Opgave 1\Opgave 1 - Zeef van Eratosthenes.csproj", "{6E88C0A7-342B-4EE5-9F61-DC859504EAB4}"
EndProject
Project("{FAE04EC0-301F-11D3-BF4B-00C04F79EFBC}") = "Opgave 2 - Fizzbuzz", "Week 1\Opgave2\Opgave 2 - Fizzbuzz.csproj", "{467CB8C3-B511-44B0-8DF3-156B043A7B4A}"
EndProject
Project("{FAE04EC0-301F-11D3-BF4B-00C04F79EFBC}") = "Opgave 3 - EEN RANDOM ARRAY", "Week 1\Opgave 3\Opgave 3 - EEN RANDOM ARRAY.csproj", "{06507E72-D096-4C8A-8A93-C6847D7EEDA4}"
EndProject
Project("{FAE04EC0-301F-11D3-BF4B-00C04F79EFBC}") = "Opgave 4 - Maximum Waarde", "Week 1\Opgave 4\Opgave 4 - Maximum Waarde.csproj", "{89540E36-681A-46E4-B660-CD18BEA5070F}"
EndProject
Project("{FAE04EC0-301F-11D3-BF4B-00C04F79EFBC}") = "Opgave 5 - EXPERIMENTEEL COMPLEXITEIT BEPALEN", "Week 1\Opgave 5\Opgave 5 - EXPERIMENTEEL COMPLEXITEIT BEPALEN.csproj", "{E522B1DA-B001-424D-88B9-1322D4B09AE4}"
EndProject
Project("{FAE04EC0-301F-11D3-BF4B-00C04F79EFBC}") = "Opgave 6 - CUMULATIEVE SOM", "Week 1\Opgave 6\Opgave 6 - CUMULATIEVE SOM.csproj", "{0947E004-BC01-4A60-867E-6DBCD08465D1}"
EndProject
Project("{FAE04EC0-301F-11D3-BF4B-00C04F79EFBC}") = "Opgave 8 - SAMENVOEGEN VAN ARRAYS", "Week 1\Opgave 8\Opgave 8 - SAMENVOEGEN VAN ARRAYS.csproj", "{09BBA23B-956C-41E0-8C48-732DA8F00C0B}"
EndProject
Project("{FAE04EC0-301F-11D3-BF4B-00C04F79EFBC}") = "Opgave 7 - MOVING AVERAGE", "Week 1\Opgave 7\Opgave 7 - MOVING AVERAGE.csproj", "{05B245BA-1614-4573-85E8-47DA71274222}"
EndProject
Project("{FAE04EC0-301F-11D3-BF4B-00C04F79EFBC}") = "Opgave 10 - CHECK OF ELEMENT AANWEZIG IS IN ARRAY", "Week 1\Opgave 10\Opgave 10 - CHECK OF ELEMENT AANWEZIG IS IN ARRAY.csproj", "{9C0B12B2-5C22-4992-A549-CA4D463BAE7E}"
EndProject
Project("{FAE04EC0-301F-11D3-BF4B-00C04F79EFBC}") = "Opgave 9 - HISTOGRAM", "Week 1\Opgave 9\Opgave 9 - HISTOGRAM.csproj", "{F4B6DBC4-68B8-4135-B2CF-0212F1C26532}"
EndProject
Project("{FAE04EC0-301F-11D3-BF4B-00C04F79EFBC}") = "Opgave 11 - HISTOGRAM IN O(N) TIJD", "Week 1\Opgave 11\Opgave 11 - HISTOGRAM IN O(N) TIJD.csproj", "{D9557C94-3ED6-445B-8502-F754B1D62DDA}"
EndProject
Project("{FAE04EC0-301F-11D3-BF4B-00C04F79EFBC}") = "Opgave 12 - 2D ARRAYS", "Week 1\Opgave 12\Opgave 12 - 2D ARRAYS.csproj", "{E183816E-6460-4B0E-B48F-9CE2C1FA6824}"
EndProject
Project("{FAE04EC0-301F-11D3-BF4B-00C04F79EFBC}") = "Opgave 13 - 2D ARRAYS COORDINATEN, ZOEK DE DICHTSTBIJZIJNDE", "Week 1\Opgave 13\Opgave 13 - 2D ARRAYS COORDINATEN, ZOEK DE DICHTSTBIJZIJNDE.csproj", "{AF9DF6F4-8C06-4C17-9DA5-F6DC96732B12}"
EndProject
Project("{FAE04EC0-301F-11D3-BF4B-00C04F79EFBC}") = "Opgave 14 - BinairZoeken", "Week 1\Opgave 14\Opgave 14 - BinairZoeken.csproj", "{5D16D76B-0D57-4230-9326-105A0D0B35A1}"
EndProject
Project("{2150E333-8FDC-42A3-9474-1A3956D46DE8}") = "Week 2 - basis structuren", "Week 2 - basis structuren", "{9E64E3C5-383F-47B2-91BE-C185E4C838BA}"
EndProject
Project("{FAE04EC0-301F-11D3-BF4B-00C04F79EFBC}") = "BaseDataStructures", "BaseDataStructures\BaseDataStructures.csproj", "{F6A35B71-36A9-488A-8950-C573391A6C66}"
EndProject
Project("{FAE04EC0-301F-11D3-BF4B-00C04F79EFBC}") = "Opgave 1 ArrayList", "Week 2\Opgave 1\Opgave 1 ArrayList.csproj", "{9DCA5197-0580-40DC-9729-EEC769F19337}"
EndProject
Project("{FAE04EC0-301F-11D3-BF4B-00C04F79EFBC}") = "Opgave 2 Linked List", "Week 2\Opgave 2\Opgave 2 Linked List.csproj", "{2179F500-9E6C-4E4D-982E-99C01487A22F}"
EndProject
Project("{FAE04EC0-301F-11D3-BF4B-00C04F79EFBC}") = "Opgave 3 Stack", "Week 2\Opgave 3\Opgave 3 Stack.csproj", "{36F9E512-52B6-42A1-8A0F-7152E5E0B927}"
EndProject
Project("{FAE04EC0-301F-11D3-BF4B-00C04F79EFBC}") = "Opgave 4 Toepassing Stack", "Week 2\Opgave 4\Opgave 4 Toepassing Stack.csproj", "{AF7235DF-8CCB-4E12-B3BF-80A82278608C}"
EndProject
Project("{FAE04EC0-301F-11D3-BF4B-00C04F79EFBC}") = "Opgave 5 Queue", "Week 2\Opgave 5\Opgave 5 Queue.csproj", "{D6BF4410-EB14-460E-B545-EF33B34DE6F7}"
EndProject
Project("{FAE04EC0-301F-11D3-BF4B-00C04F79EFBC}") = "Opgave 6 - MAXIMUM WAARDE", "Week 2\Opgave 6\Opgave 6 - MAXIMUM WAARDE.csproj", "{D773F73E-8215-43E8-8482-F48C51830C05}"
EndProject
Project("{FAE04EC0-301F-11D3-BF4B-00C04F79EFBC}") = "Opgave 7 - CUMULATIEVE SOM, MOVING AVERAGE", "Week 2\Opgave 7\Opgave 7 - CUMULATIEVE SOM, MOVING AVERAGE.csproj", "{C7EE21B0-42F6-44A3-B501-DF7D4A6FF481}"
EndProject
Project("{FAE04EC0-301F-11D3-BF4B-00C04F79EFBC}") = "Opgave 8 - LINKED LIST MET SUBLIJSTEN", "Week 2\Opgave 8\Opgave 8 - LINKED LIST MET SUBLIJSTEN.csproj", "{B4674C55-6D47-49FF-A33A-2B9DFB5F64B5}"
EndProject
Project("{FAE04EC0-301F-11D3-BF4B-00C04F79EFBC}") = "Opgave 9 -  SUBLIJST OMKEREN", "Week 2\Opgave 9\Opgave 9 -  SUBLIJST OMKEREN.csproj", "{8DE65597-EFAA-4705-8BB0-C7AEBDAF27F2}"
EndProject
Project("{FAE04EC0-301F-11D3-BF4B-00C04F79EFBC}") = "Opgave 10 SIMPLISTISCHE PRIORITY QUEUE", "Week 2\Opgave 10\Opgave 10 SIMPLISTISCHE PRIORITY QUEUE.csproj", "{4F71E76E-FEC6-4712-9F5F-F9544283F7A5}"
EndProject
Project("{2150E333-8FDC-42A3-9474-1A3956D46DE8}") = "Week 3 - recursie en sorteren", "Week 3 - recursie en sorteren", "{3AE9F76E-6FC8-42DD-B24A-7C1E75E5B31E}"
EndProject
Project("{2150E333-8FDC-42A3-9474-1A3956D46DE8}") = "Week 4 - bomen en quicksort", "Week 4 - bomen en quicksort", "{EEECF869-D031-45FD-9B3A-7CF3F884E830}"
EndProject
Project("{2150E333-8FDC-42A3-9474-1A3956D46DE8}") = "Week 5 - toepassingen binaire bomen", "Week 5 - toepassingen binaire bomen", "{1ABDA3DA-39AD-4B24-B252-4276994F68E7}"
EndProject
Project("{2150E333-8FDC-42A3-9474-1A3956D46DE8}") = "Week 6 - graven", "Week 6 - graven", "{A2E9A6D4-7099-457D-945D-2F2D90FBB819}"
EndProject
Project("{2150E333-8FDC-42A3-9474-1A3956D46DE8}") = "Week 7 - Hashing", "Week 7 - Hashing", "{25225D8B-FB28-4B03-859D-2819926FE4CD}"
EndProject
Project("{FAE04EC0-301F-11D3-BF4B-00C04F79EFBC}") = "Opgave 1 - Recursie faculteitsfunctie", "Week 3\Opgave 1\Opgave 1 - Recursie faculteitsfunctie.csproj", "{2FF020B8-C489-4410-B143-76ADFC46C84F}"
EndProject
Project("{FAE04EC0-301F-11D3-BF4B-00C04F79EFBC}") = "Opgave 2 - Recursie Fibonacci", "Week 3\Opgave 2\Opgave 2 - Recursie Fibonacci.csproj", "{1C3DC879-798E-4C4E-92A3-01ADE6E7531F}"
EndProject
Project("{FAE04EC0-301F-11D3-BF4B-00C04F79EFBC}") = "Opgave 3 - Recursie SomOmEnOm", "Week 3\Opgave 3\Opgave 3 - Recursie SomOmEnOm.csproj", "{65ED5B0E-2B93-4737-BA15-A676F4B499EC}"
EndProject
Project("{2150E333-8FDC-42A3-9474-1A3956D46DE8}") = "Oefentoets", "Oefentoets", "{177A4FD8-2F9D-41C9-9D1F-D849504759D3}"
EndProject
Project("{FAE04EC0-301F-11D3-BF4B-00C04F79EFBC}") = "Opgave 4 - Recursive binairy ones", "Week 3\Opgave 4\Opgave 4 - Recursive binairy ones.csproj", "{F7565226-29B2-463C-8F2A-791D924194FF}"
EndProject
Project("{FAE04EC0-301F-11D3-BF4B-00C04F79EFBC}") = "Opgave 1", "Oefentoets\Opgave 1\Opgave 1.csproj", "{316D8927-D713-42D4-B9CD-B44806BDF0FE}"
EndProject
Project("{FAE04EC0-301F-11D3-BF4B-00C04F79EFBC}") = "Opgave 2", "Opgave 2\Opgave 2.csproj", "{CE7E6ACB-3EE5-4F44-936A-82CFA4A5A6CA}"
EndProject
Project("{FAE04EC0-301F-11D3-BF4B-00C04F79EFBC}") = "Opgave 3", "Opgave 3\Opgave 3.csproj", "{8997F705-5AC1-43AD-AF80-92C667AB6CD2}"
EndProject
Project("{FAE04EC0-301F-11D3-BF4B-00C04F79EFBC}") = "HeapSort", "HeapSort\HeapSort.csproj", "{5015F7F7-A38C-4DDE-A8AF-DF847867EB49}"
EndProject
Project("{FAE04EC0-301F-11D3-BF4B-00C04F79EFBC}") = "Opgave 1 -HASHVALUES 1", "Week 7\Opgave 1\Opgave 1 -HASHVALUES 1.csproj", "{CAC30DE9-5480-43DE-AAE2-19B9EEB13648}"
EndProject
Project("{FAE04EC0-301F-11D3-BF4B-00C04F79EFBC}") = "Opgave 2 - HASHVALUES 2", "Week 7\Opgave 2\Opgave 2 - HASHVALUES 2.csproj", "{257B296B-69F2-44B6-86A2-D1AB3AF28D82}"
EndProject
Project("{FAE04EC0-301F-11D3-BF4B-00C04F79EFBC}") = "Opgave 3 - SEPARATE CHAINING HASHTABLE", "Week 7\Opgave 3\Opgave 3 - SEPARATE CHAINING HASHTABLE.csproj", "{91992110-3B9A-4EB5-A7BA-2B81F5AA1107}"
EndProject
Project("{FAE04EC0-301F-11D3-BF4B-00C04F79EFBC}") = "Opgave 4 - QUADRATIC PROBING HASHTABLE", "Opgave 4\Opgave 4 - QUADRATIC PROBING HASHTABLE.csproj", "{75A05EA2-17B8-4147-8BA9-1132A0EA182C}"
EndProject
Project("{FAE04EC0-301F-11D3-BF4B-00C04F79EFBC}") = "Opgave 1", "Week 6\Opgave 1\Opgave 1.csproj", "{6E9CB831-9D8F-4E3D-B617-9B828749EA48}"
EndProject
Project("{FAE04EC0-301F-11D3-BF4B-00C04F79EFBC}") = "Opgave 2", "Week 4\Opgave 2\Opgave 2.csproj", "{D0272D9F-D779-4E2A-9107-8C9AE495C6E2}"
EndProject
Global
	GlobalSection(SolutionConfigurationPlatforms) = preSolution
		Debug|Any CPU = Debug|Any CPU
		Release|Any CPU = Release|Any CPU
	EndGlobalSection
	GlobalSection(ProjectConfigurationPlatforms) = postSolution
		{6E88C0A7-342B-4EE5-9F61-DC859504EAB4}.Debug|Any CPU.ActiveCfg = Debug|Any CPU
		{6E88C0A7-342B-4EE5-9F61-DC859504EAB4}.Debug|Any CPU.Build.0 = Debug|Any CPU
		{6E88C0A7-342B-4EE5-9F61-DC859504EAB4}.Release|Any CPU.ActiveCfg = Release|Any CPU
		{6E88C0A7-342B-4EE5-9F61-DC859504EAB4}.Release|Any CPU.Build.0 = Release|Any CPU
		{467CB8C3-B511-44B0-8DF3-156B043A7B4A}.Debug|Any CPU.ActiveCfg = Debug|Any CPU
		{467CB8C3-B511-44B0-8DF3-156B043A7B4A}.Debug|Any CPU.Build.0 = Debug|Any CPU
		{467CB8C3-B511-44B0-8DF3-156B043A7B4A}.Release|Any CPU.ActiveCfg = Release|Any CPU
		{467CB8C3-B511-44B0-8DF3-156B043A7B4A}.Release|Any CPU.Build.0 = Release|Any CPU
		{06507E72-D096-4C8A-8A93-C6847D7EEDA4}.Debug|Any CPU.ActiveCfg = Debug|Any CPU
		{06507E72-D096-4C8A-8A93-C6847D7EEDA4}.Debug|Any CPU.Build.0 = Debug|Any CPU
		{06507E72-D096-4C8A-8A93-C6847D7EEDA4}.Release|Any CPU.ActiveCfg = Release|Any CPU
		{06507E72-D096-4C8A-8A93-C6847D7EEDA4}.Release|Any CPU.Build.0 = Release|Any CPU
		{89540E36-681A-46E4-B660-CD18BEA5070F}.Debug|Any CPU.ActiveCfg = Debug|Any CPU
		{89540E36-681A-46E4-B660-CD18BEA5070F}.Debug|Any CPU.Build.0 = Debug|Any CPU
		{89540E36-681A-46E4-B660-CD18BEA5070F}.Release|Any CPU.ActiveCfg = Release|Any CPU
		{89540E36-681A-46E4-B660-CD18BEA5070F}.Release|Any CPU.Build.0 = Release|Any CPU
		{E522B1DA-B001-424D-88B9-1322D4B09AE4}.Debug|Any CPU.ActiveCfg = Debug|Any CPU
		{E522B1DA-B001-424D-88B9-1322D4B09AE4}.Debug|Any CPU.Build.0 = Debug|Any CPU
		{E522B1DA-B001-424D-88B9-1322D4B09AE4}.Release|Any CPU.ActiveCfg = Release|Any CPU
		{E522B1DA-B001-424D-88B9-1322D4B09AE4}.Release|Any CPU.Build.0 = Release|Any CPU
		{0947E004-BC01-4A60-867E-6DBCD08465D1}.Debug|Any CPU.ActiveCfg = Debug|Any CPU
		{0947E004-BC01-4A60-867E-6DBCD08465D1}.Debug|Any CPU.Build.0 = Debug|Any CPU
		{0947E004-BC01-4A60-867E-6DBCD08465D1}.Release|Any CPU.ActiveCfg = Release|Any CPU
		{0947E004-BC01-4A60-867E-6DBCD08465D1}.Release|Any CPU.Build.0 = Release|Any CPU
		{09BBA23B-956C-41E0-8C48-732DA8F00C0B}.Debug|Any CPU.ActiveCfg = Debug|Any CPU
		{09BBA23B-956C-41E0-8C48-732DA8F00C0B}.Debug|Any CPU.Build.0 = Debug|Any CPU
		{09BBA23B-956C-41E0-8C48-732DA8F00C0B}.Release|Any CPU.ActiveCfg = Release|Any CPU
		{09BBA23B-956C-41E0-8C48-732DA8F00C0B}.Release|Any CPU.Build.0 = Release|Any CPU
		{05B245BA-1614-4573-85E8-47DA71274222}.Debug|Any CPU.ActiveCfg = Debug|Any CPU
		{05B245BA-1614-4573-85E8-47DA71274222}.Debug|Any CPU.Build.0 = Debug|Any CPU
		{05B245BA-1614-4573-85E8-47DA71274222}.Release|Any CPU.ActiveCfg = Release|Any CPU
		{05B245BA-1614-4573-85E8-47DA71274222}.Release|Any CPU.Build.0 = Release|Any CPU
		{9C0B12B2-5C22-4992-A549-CA4D463BAE7E}.Debug|Any CPU.ActiveCfg = Debug|Any CPU
		{9C0B12B2-5C22-4992-A549-CA4D463BAE7E}.Debug|Any CPU.Build.0 = Debug|Any CPU
		{9C0B12B2-5C22-4992-A549-CA4D463BAE7E}.Release|Any CPU.ActiveCfg = Release|Any CPU
		{9C0B12B2-5C22-4992-A549-CA4D463BAE7E}.Release|Any CPU.Build.0 = Release|Any CPU
		{F4B6DBC4-68B8-4135-B2CF-0212F1C26532}.Debug|Any CPU.ActiveCfg = Debug|Any CPU
		{F4B6DBC4-68B8-4135-B2CF-0212F1C26532}.Debug|Any CPU.Build.0 = Debug|Any CPU
		{F4B6DBC4-68B8-4135-B2CF-0212F1C26532}.Release|Any CPU.ActiveCfg = Release|Any CPU
		{F4B6DBC4-68B8-4135-B2CF-0212F1C26532}.Release|Any CPU.Build.0 = Release|Any CPU
		{D9557C94-3ED6-445B-8502-F754B1D62DDA}.Debug|Any CPU.ActiveCfg = Debug|Any CPU
		{D9557C94-3ED6-445B-8502-F754B1D62DDA}.Debug|Any CPU.Build.0 = Debug|Any CPU
		{D9557C94-3ED6-445B-8502-F754B1D62DDA}.Release|Any CPU.ActiveCfg = Release|Any CPU
		{D9557C94-3ED6-445B-8502-F754B1D62DDA}.Release|Any CPU.Build.0 = Release|Any CPU
		{E183816E-6460-4B0E-B48F-9CE2C1FA6824}.Debug|Any CPU.ActiveCfg = Debug|Any CPU
		{E183816E-6460-4B0E-B48F-9CE2C1FA6824}.Debug|Any CPU.Build.0 = Debug|Any CPU
		{E183816E-6460-4B0E-B48F-9CE2C1FA6824}.Release|Any CPU.ActiveCfg = Release|Any CPU
		{E183816E-6460-4B0E-B48F-9CE2C1FA6824}.Release|Any CPU.Build.0 = Release|Any CPU
		{AF9DF6F4-8C06-4C17-9DA5-F6DC96732B12}.Debug|Any CPU.ActiveCfg = Debug|Any CPU
		{AF9DF6F4-8C06-4C17-9DA5-F6DC96732B12}.Debug|Any CPU.Build.0 = Debug|Any CPU
		{AF9DF6F4-8C06-4C17-9DA5-F6DC96732B12}.Release|Any CPU.ActiveCfg = Release|Any CPU
		{AF9DF6F4-8C06-4C17-9DA5-F6DC96732B12}.Release|Any CPU.Build.0 = Release|Any CPU
		{5D16D76B-0D57-4230-9326-105A0D0B35A1}.Debug|Any CPU.ActiveCfg = Debug|Any CPU
		{5D16D76B-0D57-4230-9326-105A0D0B35A1}.Debug|Any CPU.Build.0 = Debug|Any CPU
		{5D16D76B-0D57-4230-9326-105A0D0B35A1}.Release|Any CPU.ActiveCfg = Release|Any CPU
		{5D16D76B-0D57-4230-9326-105A0D0B35A1}.Release|Any CPU.Build.0 = Release|Any CPU
		{F6A35B71-36A9-488A-8950-C573391A6C66}.Debug|Any CPU.ActiveCfg = Debug|Any CPU
		{F6A35B71-36A9-488A-8950-C573391A6C66}.Debug|Any CPU.Build.0 = Debug|Any CPU
		{F6A35B71-36A9-488A-8950-C573391A6C66}.Release|Any CPU.ActiveCfg = Release|Any CPU
		{F6A35B71-36A9-488A-8950-C573391A6C66}.Release|Any CPU.Build.0 = Release|Any CPU
		{9DCA5197-0580-40DC-9729-EEC769F19337}.Debug|Any CPU.ActiveCfg = Debug|Any CPU
		{9DCA5197-0580-40DC-9729-EEC769F19337}.Debug|Any CPU.Build.0 = Debug|Any CPU
		{9DCA5197-0580-40DC-9729-EEC769F19337}.Release|Any CPU.ActiveCfg = Release|Any CPU
		{9DCA5197-0580-40DC-9729-EEC769F19337}.Release|Any CPU.Build.0 = Release|Any CPU
		{2179F500-9E6C-4E4D-982E-99C01487A22F}.Debug|Any CPU.ActiveCfg = Debug|Any CPU
		{2179F500-9E6C-4E4D-982E-99C01487A22F}.Debug|Any CPU.Build.0 = Debug|Any CPU
		{2179F500-9E6C-4E4D-982E-99C01487A22F}.Release|Any CPU.ActiveCfg = Release|Any CPU
		{2179F500-9E6C-4E4D-982E-99C01487A22F}.Release|Any CPU.Build.0 = Release|Any CPU
		{36F9E512-52B6-42A1-8A0F-7152E5E0B927}.Debug|Any CPU.ActiveCfg = Debug|Any CPU
		{36F9E512-52B6-42A1-8A0F-7152E5E0B927}.Debug|Any CPU.Build.0 = Debug|Any CPU
		{36F9E512-52B6-42A1-8A0F-7152E5E0B927}.Release|Any CPU.ActiveCfg = Release|Any CPU
		{36F9E512-52B6-42A1-8A0F-7152E5E0B927}.Release|Any CPU.Build.0 = Release|Any CPU
		{AF7235DF-8CCB-4E12-B3BF-80A82278608C}.Debug|Any CPU.ActiveCfg = Debug|Any CPU
		{AF7235DF-8CCB-4E12-B3BF-80A82278608C}.Debug|Any CPU.Build.0 = Debug|Any CPU
		{AF7235DF-8CCB-4E12-B3BF-80A82278608C}.Release|Any CPU.ActiveCfg = Release|Any CPU
		{AF7235DF-8CCB-4E12-B3BF-80A82278608C}.Release|Any CPU.Build.0 = Release|Any CPU
		{D6BF4410-EB14-460E-B545-EF33B34DE6F7}.Debug|Any CPU.ActiveCfg = Debug|Any CPU
		{D6BF4410-EB14-460E-B545-EF33B34DE6F7}.Debug|Any CPU.Build.0 = Debug|Any CPU
		{D6BF4410-EB14-460E-B545-EF33B34DE6F7}.Release|Any CPU.ActiveCfg = Release|Any CPU
		{D6BF4410-EB14-460E-B545-EF33B34DE6F7}.Release|Any CPU.Build.0 = Release|Any CPU
		{D773F73E-8215-43E8-8482-F48C51830C05}.Debug|Any CPU.ActiveCfg = Debug|Any CPU
		{D773F73E-8215-43E8-8482-F48C51830C05}.Debug|Any CPU.Build.0 = Debug|Any CPU
		{D773F73E-8215-43E8-8482-F48C51830C05}.Release|Any CPU.ActiveCfg = Release|Any CPU
		{D773F73E-8215-43E8-8482-F48C51830C05}.Release|Any CPU.Build.0 = Release|Any CPU
		{C7EE21B0-42F6-44A3-B501-DF7D4A6FF481}.Debug|Any CPU.ActiveCfg = Debug|Any CPU
		{C7EE21B0-42F6-44A3-B501-DF7D4A6FF481}.Debug|Any CPU.Build.0 = Debug|Any CPU
		{C7EE21B0-42F6-44A3-B501-DF7D4A6FF481}.Release|Any CPU.ActiveCfg = Release|Any CPU
		{C7EE21B0-42F6-44A3-B501-DF7D4A6FF481}.Release|Any CPU.Build.0 = Release|Any CPU
		{B4674C55-6D47-49FF-A33A-2B9DFB5F64B5}.Debug|Any CPU.ActiveCfg = Debug|Any CPU
		{B4674C55-6D47-49FF-A33A-2B9DFB5F64B5}.Debug|Any CPU.Build.0 = Debug|Any CPU
		{B4674C55-6D47-49FF-A33A-2B9DFB5F64B5}.Release|Any CPU.ActiveCfg = Release|Any CPU
		{B4674C55-6D47-49FF-A33A-2B9DFB5F64B5}.Release|Any CPU.Build.0 = Release|Any CPU
		{8DE65597-EFAA-4705-8BB0-C7AEBDAF27F2}.Debug|Any CPU.ActiveCfg = Debug|Any CPU
		{8DE65597-EFAA-4705-8BB0-C7AEBDAF27F2}.Debug|Any CPU.Build.0 = Debug|Any CPU
		{8DE65597-EFAA-4705-8BB0-C7AEBDAF27F2}.Release|Any CPU.ActiveCfg = Release|Any CPU
		{8DE65597-EFAA-4705-8BB0-C7AEBDAF27F2}.Release|Any CPU.Build.0 = Release|Any CPU
		{4F71E76E-FEC6-4712-9F5F-F9544283F7A5}.Debug|Any CPU.ActiveCfg = Debug|Any CPU
		{4F71E76E-FEC6-4712-9F5F-F9544283F7A5}.Debug|Any CPU.Build.0 = Debug|Any CPU
		{4F71E76E-FEC6-4712-9F5F-F9544283F7A5}.Release|Any CPU.ActiveCfg = Release|Any CPU
		{4F71E76E-FEC6-4712-9F5F-F9544283F7A5}.Release|Any CPU.Build.0 = Release|Any CPU
		{2FF020B8-C489-4410-B143-76ADFC46C84F}.Debug|Any CPU.ActiveCfg = Debug|Any CPU
		{2FF020B8-C489-4410-B143-76ADFC46C84F}.Debug|Any CPU.Build.0 = Debug|Any CPU
		{2FF020B8-C489-4410-B143-76ADFC46C84F}.Release|Any CPU.ActiveCfg = Release|Any CPU
		{2FF020B8-C489-4410-B143-76ADFC46C84F}.Release|Any CPU.Build.0 = Release|Any CPU
		{1C3DC879-798E-4C4E-92A3-01ADE6E7531F}.Debug|Any CPU.ActiveCfg = Debug|Any CPU
		{1C3DC879-798E-4C4E-92A3-01ADE6E7531F}.Debug|Any CPU.Build.0 = Debug|Any CPU
		{1C3DC879-798E-4C4E-92A3-01ADE6E7531F}.Release|Any CPU.ActiveCfg = Release|Any CPU
		{1C3DC879-798E-4C4E-92A3-01ADE6E7531F}.Release|Any CPU.Build.0 = Release|Any CPU
		{65ED5B0E-2B93-4737-BA15-A676F4B499EC}.Debug|Any CPU.ActiveCfg = Debug|Any CPU
		{65ED5B0E-2B93-4737-BA15-A676F4B499EC}.Debug|Any CPU.Build.0 = Debug|Any CPU
		{65ED5B0E-2B93-4737-BA15-A676F4B499EC}.Release|Any CPU.ActiveCfg = Release|Any CPU
		{65ED5B0E-2B93-4737-BA15-A676F4B499EC}.Release|Any CPU.Build.0 = Release|Any CPU
		{F7565226-29B2-463C-8F2A-791D924194FF}.Debug|Any CPU.ActiveCfg = Debug|Any CPU
		{F7565226-29B2-463C-8F2A-791D924194FF}.Debug|Any CPU.Build.0 = Debug|Any CPU
		{F7565226-29B2-463C-8F2A-791D924194FF}.Release|Any CPU.ActiveCfg = Release|Any CPU
		{F7565226-29B2-463C-8F2A-791D924194FF}.Release|Any CPU.Build.0 = Release|Any CPU
		{316D8927-D713-42D4-B9CD-B44806BDF0FE}.Debug|Any CPU.ActiveCfg = Debug|Any CPU
		{316D8927-D713-42D4-B9CD-B44806BDF0FE}.Debug|Any CPU.Build.0 = Debug|Any CPU
		{316D8927-D713-42D4-B9CD-B44806BDF0FE}.Release|Any CPU.ActiveCfg = Release|Any CPU
		{316D8927-D713-42D4-B9CD-B44806BDF0FE}.Release|Any CPU.Build.0 = Release|Any CPU
		{CE7E6ACB-3EE5-4F44-936A-82CFA4A5A6CA}.Debug|Any CPU.ActiveCfg = Debug|Any CPU
		{CE7E6ACB-3EE5-4F44-936A-82CFA4A5A6CA}.Debug|Any CPU.Build.0 = Debug|Any CPU
		{CE7E6ACB-3EE5-4F44-936A-82CFA4A5A6CA}.Release|Any CPU.ActiveCfg = Release|Any CPU
		{CE7E6ACB-3EE5-4F44-936A-82CFA4A5A6CA}.Release|Any CPU.Build.0 = Release|Any CPU
		{8997F705-5AC1-43AD-AF80-92C667AB6CD2}.Debug|Any CPU.ActiveCfg = Debug|Any CPU
		{8997F705-5AC1-43AD-AF80-92C667AB6CD2}.Debug|Any CPU.Build.0 = Debug|Any CPU
		{8997F705-5AC1-43AD-AF80-92C667AB6CD2}.Release|Any CPU.ActiveCfg = Release|Any CPU
		{8997F705-5AC1-43AD-AF80-92C667AB6CD2}.Release|Any CPU.Build.0 = Release|Any CPU
		{5015F7F7-A38C-4DDE-A8AF-DF847867EB49}.Debug|Any CPU.ActiveCfg = Debug|Any CPU
		{5015F7F7-A38C-4DDE-A8AF-DF847867EB49}.Debug|Any CPU.Build.0 = Debug|Any CPU
		{5015F7F7-A38C-4DDE-A8AF-DF847867EB49}.Release|Any CPU.ActiveCfg = Release|Any CPU
		{5015F7F7-A38C-4DDE-A8AF-DF847867EB49}.Release|Any CPU.Build.0 = Release|Any CPU
		{CAC30DE9-5480-43DE-AAE2-19B9EEB13648}.Debug|Any CPU.ActiveCfg = Debug|Any CPU
		{CAC30DE9-5480-43DE-AAE2-19B9EEB13648}.Debug|Any CPU.Build.0 = Debug|Any CPU
		{CAC30DE9-5480-43DE-AAE2-19B9EEB13648}.Release|Any CPU.ActiveCfg = Release|Any CPU
		{CAC30DE9-5480-43DE-AAE2-19B9EEB13648}.Release|Any CPU.Build.0 = Release|Any CPU
		{257B296B-69F2-44B6-86A2-D1AB3AF28D82}.Debug|Any CPU.ActiveCfg = Debug|Any CPU
		{257B296B-69F2-44B6-86A2-D1AB3AF28D82}.Debug|Any CPU.Build.0 = Debug|Any CPU
		{257B296B-69F2-44B6-86A2-D1AB3AF28D82}.Release|Any CPU.ActiveCfg = Release|Any CPU
		{257B296B-69F2-44B6-86A2-D1AB3AF28D82}.Release|Any CPU.Build.0 = Release|Any CPU
		{91992110-3B9A-4EB5-A7BA-2B81F5AA1107}.Debug|Any CPU.ActiveCfg = Debug|Any CPU
		{91992110-3B9A-4EB5-A7BA-2B81F5AA1107}.Debug|Any CPU.Build.0 = Debug|Any CPU
		{91992110-3B9A-4EB5-A7BA-2B81F5AA1107}.Release|Any CPU.ActiveCfg = Release|Any CPU
		{91992110-3B9A-4EB5-A7BA-2B81F5AA1107}.Release|Any CPU.Build.0 = Release|Any CPU
		{75A05EA2-17B8-4147-8BA9-1132A0EA182C}.Debug|Any CPU.ActiveCfg = Debug|Any CPU
		{75A05EA2-17B8-4147-8BA9-1132A0EA182C}.Debug|Any CPU.Build.0 = Debug|Any CPU
		{75A05EA2-17B8-4147-8BA9-1132A0EA182C}.Release|Any CPU.ActiveCfg = Release|Any CPU
		{75A05EA2-17B8-4147-8BA9-1132A0EA182C}.Release|Any CPU.Build.0 = Release|Any CPU
		{6E9CB831-9D8F-4E3D-B617-9B828749EA48}.Debug|Any CPU.ActiveCfg = Debug|Any CPU
		{6E9CB831-9D8F-4E3D-B617-9B828749EA48}.Debug|Any CPU.Build.0 = Debug|Any CPU
		{6E9CB831-9D8F-4E3D-B617-9B828749EA48}.Release|Any CPU.ActiveCfg = Release|Any CPU
		{6E9CB831-9D8F-4E3D-B617-9B828749EA48}.Release|Any CPU.Build.0 = Release|Any CPU
		{D0272D9F-D779-4E2A-9107-8C9AE495C6E2}.Debug|Any CPU.ActiveCfg = Debug|Any CPU
		{D0272D9F-D779-4E2A-9107-8C9AE495C6E2}.Debug|Any CPU.Build.0 = Debug|Any CPU
		{D0272D9F-D779-4E2A-9107-8C9AE495C6E2}.Release|Any CPU.ActiveCfg = Release|Any CPU
		{D0272D9F-D779-4E2A-9107-8C9AE495C6E2}.Release|Any CPU.Build.0 = Release|Any CPU
	EndGlobalSection
	GlobalSection(SolutionProperties) = preSolution
		HideSolutionNode = FALSE
	EndGlobalSection
	GlobalSection(NestedProjects) = preSolution
		{6E88C0A7-342B-4EE5-9F61-DC859504EAB4} = {015F46A5-BF7D-4E3D-973C-C652892E5C0D}
		{467CB8C3-B511-44B0-8DF3-156B043A7B4A} = {015F46A5-BF7D-4E3D-973C-C652892E5C0D}
		{06507E72-D096-4C8A-8A93-C6847D7EEDA4} = {015F46A5-BF7D-4E3D-973C-C652892E5C0D}
		{89540E36-681A-46E4-B660-CD18BEA5070F} = {015F46A5-BF7D-4E3D-973C-C652892E5C0D}
		{E522B1DA-B001-424D-88B9-1322D4B09AE4} = {015F46A5-BF7D-4E3D-973C-C652892E5C0D}
		{0947E004-BC01-4A60-867E-6DBCD08465D1} = {015F46A5-BF7D-4E3D-973C-C652892E5C0D}
		{09BBA23B-956C-41E0-8C48-732DA8F00C0B} = {015F46A5-BF7D-4E3D-973C-C652892E5C0D}
		{05B245BA-1614-4573-85E8-47DA71274222} = {015F46A5-BF7D-4E3D-973C-C652892E5C0D}
		{9C0B12B2-5C22-4992-A549-CA4D463BAE7E} = {015F46A5-BF7D-4E3D-973C-C652892E5C0D}
		{F4B6DBC4-68B8-4135-B2CF-0212F1C26532} = {015F46A5-BF7D-4E3D-973C-C652892E5C0D}
		{D9557C94-3ED6-445B-8502-F754B1D62DDA} = {015F46A5-BF7D-4E3D-973C-C652892E5C0D}
		{E183816E-6460-4B0E-B48F-9CE2C1FA6824} = {015F46A5-BF7D-4E3D-973C-C652892E5C0D}
		{AF9DF6F4-8C06-4C17-9DA5-F6DC96732B12} = {015F46A5-BF7D-4E3D-973C-C652892E5C0D}
		{5D16D76B-0D57-4230-9326-105A0D0B35A1} = {015F46A5-BF7D-4E3D-973C-C652892E5C0D}
		{9DCA5197-0580-40DC-9729-EEC769F19337} = {9E64E3C5-383F-47B2-91BE-C185E4C838BA}
		{2179F500-9E6C-4E4D-982E-99C01487A22F} = {9E64E3C5-383F-47B2-91BE-C185E4C838BA}
		{36F9E512-52B6-42A1-8A0F-7152E5E0B927} = {9E64E3C5-383F-47B2-91BE-C185E4C838BA}
		{AF7235DF-8CCB-4E12-B3BF-80A82278608C} = {9E64E3C5-383F-47B2-91BE-C185E4C838BA}
		{D6BF4410-EB14-460E-B545-EF33B34DE6F7} = {9E64E3C5-383F-47B2-91BE-C185E4C838BA}
		{D773F73E-8215-43E8-8482-F48C51830C05} = {9E64E3C5-383F-47B2-91BE-C185E4C838BA}
		{C7EE21B0-42F6-44A3-B501-DF7D4A6FF481} = {9E64E3C5-383F-47B2-91BE-C185E4C838BA}
		{B4674C55-6D47-49FF-A33A-2B9DFB5F64B5} = {9E64E3C5-383F-47B2-91BE-C185E4C838BA}
		{8DE65597-EFAA-4705-8BB0-C7AEBDAF27F2} = {9E64E3C5-383F-47B2-91BE-C185E4C838BA}
		{4F71E76E-FEC6-4712-9F5F-F9544283F7A5} = {9E64E3C5-383F-47B2-91BE-C185E4C838BA}
		{2FF020B8-C489-4410-B143-76ADFC46C84F} = {3AE9F76E-6FC8-42DD-B24A-7C1E75E5B31E}
		{1C3DC879-798E-4C4E-92A3-01ADE6E7531F} = {3AE9F76E-6FC8-42DD-B24A-7C1E75E5B31E}
		{65ED5B0E-2B93-4737-BA15-A676F4B499EC} = {3AE9F76E-6FC8-42DD-B24A-7C1E75E5B31E}
		{F7565226-29B2-463C-8F2A-791D924194FF} = {3AE9F76E-6FC8-42DD-B24A-7C1E75E5B31E}
		{316D8927-D713-42D4-B9CD-B44806BDF0FE} = {177A4FD8-2F9D-41C9-9D1F-D849504759D3}
		{CE7E6ACB-3EE5-4F44-936A-82CFA4A5A6CA} = {177A4FD8-2F9D-41C9-9D1F-D849504759D3}
		{8997F705-5AC1-43AD-AF80-92C667AB6CD2} = {177A4FD8-2F9D-41C9-9D1F-D849504759D3}
		{5015F7F7-A38C-4DDE-A8AF-DF847867EB49} = {177A4FD8-2F9D-41C9-9D1F-D849504759D3}
		{CAC30DE9-5480-43DE-AAE2-19B9EEB13648} = {25225D8B-FB28-4B03-859D-2819926FE4CD}
		{257B296B-69F2-44B6-86A2-D1AB3AF28D82} = {25225D8B-FB28-4B03-859D-2819926FE4CD}
		{91992110-3B9A-4EB5-A7BA-2B81F5AA1107} = {25225D8B-FB28-4B03-859D-2819926FE4CD}
		{75A05EA2-17B8-4147-8BA9-1132A0EA182C} = {25225D8B-FB28-4B03-859D-2819926FE4CD}
		{6E9CB831-9D8F-4E3D-B617-9B828749EA48} = {A2E9A6D4-7099-457D-945D-2F2D90FBB819}
		{D0272D9F-D779-4E2A-9107-8C9AE495C6E2} = {EEECF869-D031-45FD-9B3A-7CF3F884E830}
	EndGlobalSection
EndGlobal
